
Microsoft Visual Studio Solution File, Format Version 12.00
# Visual Studio Version 17
VisualStudioVersion = 17.0.31912.275
MinimumVisualStudioVersion = 10.0.40219.1
Project("{FAE04EC0-301F-11D3-BF4B-00C04F79EFBC}") = "Notes.Android", "Notes\Notes.Android\Notes.Android.csproj", "{9EDEE1E0-4C72-4B30-8704-B8FDB27A8201}"
EndProject
Project("{FAE04EC0-301F-11D3-BF4B-00C04F79EFBC}") = "Notes.iOS", "Notes\Notes.iOS\Notes.iOS.csproj", "{81A595B6-1AA9-4E72-A3D2-D2773BAD2A5E}"
EndProject
Project("{FAE04EC0-301F-11D3-BF4B-00C04F79EFBC}") = "Notes", "Notes\Notes\Notes.csproj", "{EF8586E7-7F29-4898-A6C7-F982AE15744E}"
EndProject
Global
	GlobalSection(SolutionConfigurationPlatforms) = preSolution
		Debug|Any CPU = Debug|Any CPU
		Debug|iPhone = Debug|iPhone
		Debug|iPhoneSimulator = Debug|iPhoneSimulator
		Release|Any CPU = Release|Any CPU
		Release|iPhone = Release|iPhone
		Release|iPhoneSimulator = Release|iPhoneSimulator
	EndGlobalSection
	GlobalSection(ProjectConfigurationPlatforms) = postSolution
		{9EDEE1E0-4C72-4B30-8704-B8FDB27A8201}.Debug|Any CPU.ActiveCfg = Debug|Any CPU
		{9EDEE1E0-4C72-4B30-8704-B8FDB27A8201}.Debug|Any CPU.Build.0 = Debug|Any CPU
		{9EDEE1E0-4C72-4B30-8704-B8FDB27A8201}.Debug|Any CPU.Deploy.0 = Debug|Any CPU
		{9EDEE1E0-4C72-4B30-8704-B8FDB27A8201}.Debug|iPhone.ActiveCfg = Debug|Any CPU
		{9EDEE1E0-4C72-4B30-8704-B8FDB27A8201}.Debug|iPhone.Build.0 = Debug|Any CPU
		{9EDEE1E0-4C72-4B30-8704-B8FDB27A8201}.Debug|iPhone.Deploy.0 = Debug|Any CPU
		{9EDEE1E0-4C72-4B30-8704-B8FDB27A8201}.Debug|iPhoneSimulator.ActiveCfg = Debug|Any CPU
		{9EDEE1E0-4C72-4B30-8704-B8FDB27A8201}.Debug|iPhoneSimulator.Build.0 = Debug|Any CPU
		{9EDEE1E0-4C72-4B30-8704-B8FDB27A8201}.Debug|iPhoneSimulator.Deploy.0 = Debug|Any CPU
		{9EDEE1E0-4C72-4B30-8704-B8FDB27A8201}.Release|Any CPU.ActiveCfg = Release|Any CPU
		{9EDEE1E0-4C72-4B30-8704-B8FDB27A8201}.Release|Any CPU.Build.0 = Release|Any CPU
		{9EDEE1E0-4C72-4B30-8704-B8FDB27A8201}.Release|Any CPU.Deploy.0 = Release|Any CPU
		{9EDEE1E0-4C72-4B30-8704-B8FDB27A8201}.Release|iPhone.ActiveCfg = Release|Any CPU
		{9EDEE1E0-4C72-4B30-8704-B8FDB27A8201}.Release|iPhone.Build.0 = Release|Any CPU
		{9EDEE1E0-4C72-4B30-8704-B8FDB27A8201}.Release|iPhone.Deploy.0 = Release|Any CPU
		{9EDEE1E0-4C72-4B30-8704-B8FDB27A8201}.Release|iPhoneSimulator.ActiveCfg = Release|Any CPU
		{9EDEE1E0-4C72-4B30-8704-B8FDB27A8201}.Release|iPhoneSimulator.Build.0 = Release|Any CPU
		{9EDEE1E0-4C72-4B30-8704-B8FDB27A8201}.Release|iPhoneSimulator.Deploy.0 = Release|Any CPU
		{81A595B6-1AA9-4E72-A3D2-D2773BAD2A5E}.Debug|Any CPU.ActiveCfg = Debug|iPhone
		{81A595B6-1AA9-4E72-A3D2-D2773BAD2A5E}.Debug|Any CPU.Build.0 = Debug|iPhone
		{81A595B6-1AA9-4E72-A3D2-D2773BAD2A5E}.Debug|Any CPU.Deploy.0 = Debug|iPhone
		{81A595B6-1AA9-4E72-A3D2-D2773BAD2A5E}.Debug|iPhone.ActiveCfg = Debug|iPhone
		{81A595B6-1AA9-4E72-A3D2-D2773BAD2A5E}.Debug|iPhone.Build.0 = Debug|iPhone
		{81A595B6-1AA9-4E72-A3D2-D2773BAD2A5E}.Debug|iPhone.Deploy.0 = Debug|iPhone
		{81A595B6-1AA9-4E72-A3D2-D2773BAD2A5E}.Debug|iPhoneSimulator.ActiveCfg = Debug|iPhoneSimulator
		{81A595B6-1AA9-4E72-A3D2-D2773BAD2A5E}.Debug|iPhoneSimulator.Build.0 = Debug|iPhoneSimulator
		{81A595B6-1AA9-4E72-A3D2-D2773BAD2A5E}.Debug|iPhoneSimulator.Deploy.0 = Debug|iPhoneSimulator
		{81A595B6-1AA9-4E72-A3D2-D2773BAD2A5E}.Release|Any CPU.ActiveCfg = Release|iPhoneSimulator
		{81A595B6-1AA9-4E72-A3D2-D2773BAD2A5E}.Release|Any CPU.Build.0 = Release|iPhoneSimulator
		{81A595B6-1AA9-4E72-A3D2-D2773BAD2A5E}.Release|Any CPU.Deploy.0 = Release|iPhoneSimulator
		{81A595B6-1AA9-4E72-A3D2-D2773BAD2A5E}.Release|iPhone.ActiveCfg = Release|iPhone
		{81A595B6-1AA9-4E72-A3D2-D2773BAD2A5E}.Release|iPhone.Build.0 = Release|iPhone
		{81A595B6-1AA9-4E72-A3D2-D2773BAD2A5E}.Release|iPhone.Deploy.0 = Release|iPhone
		{81A595B6-1AA9-4E72-A3D2-D2773BAD2A5E}.Release|iPhoneSimulator.ActiveCfg = Release|iPhoneSimulator
		{81A595B6-1AA9-4E72-A3D2-D2773BAD2A5E}.Release|iPhoneSimulator.Build.0 = Release|iPhoneSimulator
		{81A595B6-1AA9-4E72-A3D2-D2773BAD2A5E}.Release|iPhoneSimulator.Deploy.0 = Release|iPhoneSimulator
		{EF8586E7-7F29-4898-A6C7-F982AE15744E}.Debug|Any CPU.ActiveCfg = Debug|Any CPU
		{EF8586E7-7F29-4898-A6C7-F982AE15744E}.Debug|Any CPU.Build.0 = Debug|Any CPU
		{EF8586E7-7F29-4898-A6C7-F982AE15744E}.Debug|Any CPU.Deploy.0 = Debug|Any CPU
		{EF8586E7-7F29-4898-A6C7-F982AE15744E}.Debug|iPhone.ActiveCfg = Debug|Any CPU
		{EF8586E7-7F29-4898-A6C7-F982AE15744E}.Debug|iPhone.Build.0 = Debug|Any CPU
		{EF8586E7-7F29-4898-A6C7-F982AE15744E}.Debug|iPhone.Deploy.0 = Debug|Any CPU
		{EF8586E7-7F29-4898-A6C7-F982AE15744E}.Debug|iPhoneSimulator.ActiveCfg = Debug|Any CPU
		{EF8586E7-7F29-4898-A6C7-F982AE15744E}.Debug|iPhoneSimulator.Build.0 = Debug|Any CPU
		{EF8586E7-7F29-4898-A6C7-F982AE15744E}.Debug|iPhoneSimulator.Deploy.0 = Debug|Any CPU
		{EF8586E7-7F29-4898-A6C7-F982AE15744E}.Release|Any CPU.ActiveCfg = Release|Any CPU
		{EF8586E7-7F29-4898-A6C7-F982AE15744E}.Release|Any CPU.Build.0 = Release|Any CPU
		{EF8586E7-7F29-4898-A6C7-F982AE15744E}.Release|Any CPU.Deploy.0 = Release|Any CPU
		{EF8586E7-7F29-4898-A6C7-F982AE15744E}.Release|iPhone.ActiveCfg = Release|Any CPU
		{EF8586E7-7F29-4898-A6C7-F982AE15744E}.Release|iPhone.Build.0 = Release|Any CPU
		{EF8586E7-7F29-4898-A6C7-F982AE15744E}.Release|iPhone.Deploy.0 = Release|Any CPU
		{EF8586E7-7F29-4898-A6C7-F982AE15744E}.Release|iPhoneSimulator.ActiveCfg = Release|Any CPU
		{EF8586E7-7F29-4898-A6C7-F982AE15744E}.Release|iPhoneSimulator.Build.0 = Release|Any CPU
		{EF8586E7-7F29-4898-A6C7-F982AE15744E}.Release|iPhoneSimulator.Deploy.0 = Release|Any CPU
	EndGlobalSection
	GlobalSection(SolutionProperties) = preSolution
		HideSolutionNode = FALSE
	EndGlobalSection
	GlobalSection(ExtensibilityGlobals) = postSolution
		SolutionGuid = {903BD53D-E9FF-47C1-AEB3-7398858673EA}
	EndGlobalSection
EndGlobal
